# This file is automatically @generated by Poetry 2.1.1 and should not be changed by hand.

[[package]]
name = "async-timeout"
version = "5.0.1"
description = "Timeout context manager for asyncio programs"
optional = false
python-versions = ">=3.8"
groups = ["main", "test"]
markers = "python_full_version < \"3.11.3\""
files = [
    {file = "async_timeout-5.0.1-py3-none-any.whl", hash = "sha256:39e3809566ff85354557ec2398b55e096c8364bacac9405a7a1fa429e77fe76c"},
    {file = "async_timeout-5.0.1.tar.gz", hash = "sha256:d9321a7a3d5a6a5e187e824d2fa0793ce379a202935782d555d6e9d2735677d3"},
]

[[package]]
name = "colorama"
version = "0.4.6"
description = "Cross-platform colored terminal text."
optional = false
python-versions = "!=3.0.*,!=3.1.*,!=3.2.*,!=3.3.*,!=3.4.*,!=3.5.*,!=3.6.*,>=2.7"
groups = ["test"]
markers = "sys_platform == \"win32\""
files = [
    {file = "colorama-0.4.6-py2.py3-none-any.whl", hash = "sha256:4f1d9991f5acc0ca119f9d443620b77f9d6b33703e51011c16baf57afb285fc6"},
    {file = "colorama-0.4.6.tar.gz", hash = "sha256:08695f5cb7ed6e0531a20572697297273c47b8cae5a63ffc6d6ed5c201be6e44"},
]

[[package]]
name = "coverage"
version = "7.8.2"
description = "Code coverage measurement for Python"
optional = false
python-versions = ">=3.9"
groups = ["test"]
files = [
    {file = "coverage-7.8.2-cp310-cp310-macosx_10_9_x86_64.whl", hash = "sha256:bd8ec21e1443fd7a447881332f7ce9d35b8fbd2849e761bb290b584535636b0a"},
    {file = "coverage-7.8.2-cp310-cp310-macosx_11_0_arm64.whl", hash = "sha256:4c26c2396674816deaeae7ded0e2b42c26537280f8fe313335858ffff35019be"},
    {file = "coverage-7.8.2-cp310-cp310-manylinux_2_17_aarch64.manylinux2014_aarch64.whl", hash = "sha256:1aec326ed237e5880bfe69ad41616d333712c7937bcefc1343145e972938f9b3"},
    {file = "coverage-7.8.2-cp310-cp310-manylinux_2_5_i686.manylinux1_i686.manylinux_2_17_i686.manylinux2014_i686.whl", hash = "sha256:5e818796f71702d7a13e50c70de2a1924f729228580bcba1607cccf32eea46e6"},
    {file = "coverage-7.8.2-cp310-cp310-manylinux_2_5_x86_64.manylinux1_x86_64.manylinux_2_17_x86_64.manylinux2014_x86_64.whl", hash = "sha256:546e537d9e24efc765c9c891328f30f826e3e4808e31f5d0f87c4ba12bbd1622"},
    {file = "coverage-7.8.2-cp310-cp310-musllinux_1_2_aarch64.whl", hash = "sha256:ab9b09a2349f58e73f8ebc06fac546dd623e23b063e5398343c5270072e3201c"},
    {file = "coverage-7.8.2-cp310-cp310-musllinux_1_2_i686.whl", hash = "sha256:fd51355ab8a372d89fb0e6a31719e825cf8df8b6724bee942fb5b92c3f016ba3"},
    {file = "coverage-7.8.2-cp310-cp310-musllinux_1_2_x86_64.whl", hash = "sha256:0774df1e093acb6c9e4d58bce7f86656aeed6c132a16e2337692c12786b32404"},
    {file = "coverage-7.8.2-cp310-cp310-win32.whl", hash = "sha256:00f2e2f2e37f47e5f54423aeefd6c32a7dbcedc033fcd3928a4f4948e8b96af7"},
    {file = "coverage-7.8.2-cp310-cp310-win_amd64.whl", hash = "sha256:145b07bea229821d51811bf15eeab346c236d523838eda395ea969d120d13347"},
    {file = "coverage-7.8.2-cp311-cp311-macosx_10_9_x86_64.whl", hash = "sha256:b99058eef42e6a8dcd135afb068b3d53aff3921ce699e127602efff9956457a9"},
    {file = "coverage-7.8.2-cp311-cp311-macosx_11_0_arm64.whl", hash = "sha256:5feb7f2c3e6ea94d3b877def0270dff0947b8d8c04cfa34a17be0a4dc1836879"},
    {file = "coverage-7.8.2-cp311-cp311-manylinux_2_17_aarch64.manylinux2014_aarch64.whl", hash = "sha256:670a13249b957bb9050fab12d86acef7bf8f6a879b9d1a883799276e0d4c674a"},
    {file = "coverage-7.8.2-cp311-cp311-manylinux_2_5_i686.manylinux1_i686.manylinux_2_17_i686.manylinux2014_i686.whl", hash = "sha256:0bdc8bf760459a4a4187b452213e04d039990211f98644c7292adf1e471162b5"},
    {file = "coverage-7.8.2-cp311-cp311-manylinux_2_5_x86_64.manylinux1_x86_64.manylinux_2_17_x86_64.manylinux2014_x86_64.whl", hash = "sha256:07a989c867986c2a75f158f03fdb413128aad29aca9d4dbce5fc755672d96f11"},
    {file = "coverage-7.8.2-cp311-cp311-musllinux_1_2_aarch64.whl", hash = "sha256:2db10dedeb619a771ef0e2949ccba7b75e33905de959c2643a4607bef2f3fb3a"},
    {file = "coverage-7.8.2-cp311-cp311-musllinux_1_2_i686.whl", hash = "sha256:e6ea7dba4e92926b7b5f0990634b78ea02f208d04af520c73a7c876d5a8d36cb"},
    {file = "coverage-7.8.2-cp311-cp311-musllinux_1_2_x86_64.whl", hash = "sha256:ef2f22795a7aca99fc3c84393a55a53dd18ab8c93fb431004e4d8f0774150f54"},
    {file = "coverage-7.8.2-cp311-cp311-win32.whl", hash = "sha256:641988828bc18a6368fe72355df5f1703e44411adbe49bba5644b941ce6f2e3a"},
    {file = "coverage-7.8.2-cp311-cp311-win_amd64.whl", hash = "sha256:8ab4a51cb39dc1933ba627e0875046d150e88478dbe22ce145a68393e9652975"},
    {file = "coverage-7.8.2-cp311-cp311-win_arm64.whl", hash = "sha256:8966a821e2083c74d88cca5b7dcccc0a3a888a596a04c0b9668a891de3a0cc53"},
    {file = "coverage-7.8.2-cp312-cp312-macosx_10_13_x86_64.whl", hash = "sha256:e2f6fe3654468d061942591aef56686131335b7a8325684eda85dacdf311356c"},
    {file = "coverage-7.8.2-cp312-cp312-macosx_11_0_arm64.whl", hash = "sha256:76090fab50610798cc05241bf83b603477c40ee87acd358b66196ab0ca44ffa1"},
    {file = "coverage-7.8.2-cp312-cp312-manylinux_2_17_aarch64.manylinux2014_aarch64.whl", hash = "sha256:2bd0a0a5054be160777a7920b731a0570284db5142abaaf81bcbb282b8d99279"},
    {file = "coverage-7.8.2-cp312-cp312-manylinux_2_5_i686.manylinux1_i686.manylinux_2_17_i686.manylinux2014_i686.whl", hash = "sha256:da23ce9a3d356d0affe9c7036030b5c8f14556bd970c9b224f9c8205505e3b99"},
    {file = "coverage-7.8.2-cp312-cp312-manylinux_2_5_x86_64.manylinux1_x86_64.manylinux_2_17_x86_64.manylinux2014_x86_64.whl", hash = "sha256:c9392773cffeb8d7e042a7b15b82a414011e9d2b5fdbbd3f7e6a6b17d5e21b20"},
    {file = "coverage-7.8.2-cp312-cp312-musllinux_1_2_aarch64.whl", hash = "sha256:876cbfd0b09ce09d81585d266c07a32657beb3eaec896f39484b631555be0fe2"},
    {file = "coverage-7.8.2-cp312-cp312-musllinux_1_2_i686.whl", hash = "sha256:3da9b771c98977a13fbc3830f6caa85cae6c9c83911d24cb2d218e9394259c57"},
    {file = "coverage-7.8.2-cp312-cp312-musllinux_1_2_x86_64.whl", hash = "sha256:9a990f6510b3292686713bfef26d0049cd63b9c7bb17e0864f133cbfd2e6167f"},
    {file = "coverage-7.8.2-cp312-cp312-win32.whl", hash = "sha256:bf8111cddd0f2b54d34e96613e7fbdd59a673f0cf5574b61134ae75b6f5a33b8"},
    {file = "coverage-7.8.2-cp312-cp312-win_amd64.whl", hash = "sha256:86a323a275e9e44cdf228af9b71c5030861d4d2610886ab920d9945672a81223"},
    {file = "coverage-7.8.2-cp312-cp312-win_arm64.whl", hash = "sha256:820157de3a589e992689ffcda8639fbabb313b323d26388d02e154164c57b07f"},
    {file = "coverage-7.8.2-cp313-cp313-macosx_10_13_x86_64.whl", hash = "sha256:ea561010914ec1c26ab4188aef8b1567272ef6de096312716f90e5baa79ef8ca"},
    {file = "coverage-7.8.2-cp313-cp313-macosx_11_0_arm64.whl", hash = "sha256:cb86337a4fcdd0e598ff2caeb513ac604d2f3da6d53df2c8e368e07ee38e277d"},
    {file = "coverage-7.8.2-cp313-cp313-manylinux_2_17_aarch64.manylinux2014_aarch64.whl", hash = "sha256:26a4636ddb666971345541b59899e969f3b301143dd86b0ddbb570bd591f1e85"},
    {file = "coverage-7.8.2-cp313-cp313-manylinux_2_5_i686.manylinux1_i686.manylinux_2_17_i686.manylinux2014_i686.whl", hash = "sha256:5040536cf9b13fb033f76bcb5e1e5cb3b57c4807fef37db9e0ed129c6a094257"},
    {file = "coverage-7.8.2-cp313-cp313-manylinux_2_5_x86_64.manylinux1_x86_64.manylinux_2_17_x86_64.manylinux2014_x86_64.whl", hash = "sha256:dc67994df9bcd7e0150a47ef41278b9e0a0ea187caba72414b71dc590b99a108"},
    {file = "coverage-7.8.2-cp313-cp313-musllinux_1_2_aarch64.whl", hash = "sha256:6e6c86888fd076d9e0fe848af0a2142bf606044dc5ceee0aa9eddb56e26895a0"},
    {file = "coverage-7.8.2-cp313-cp313-musllinux_1_2_i686.whl", hash = "sha256:684ca9f58119b8e26bef860db33524ae0365601492e86ba0b71d513f525e7050"},
    {file = "coverage-7.8.2-cp313-cp313-musllinux_1_2_x86_64.whl", hash = "sha256:8165584ddedb49204c4e18da083913bdf6a982bfb558632a79bdaadcdafd0d48"},
    {file = "coverage-7.8.2-cp313-cp313-win32.whl", hash = "sha256:34759ee2c65362163699cc917bdb2a54114dd06d19bab860725f94ef45a3d9b7"},
    {file = "coverage-7.8.2-cp313-cp313-win_amd64.whl", hash = "sha256:2f9bc608fbafaee40eb60a9a53dbfb90f53cc66d3d32c2849dc27cf5638a21e3"},
    {file = "coverage-7.8.2-cp313-cp313-win_arm64.whl", hash = "sha256:9fe449ee461a3b0c7105690419d0b0aba1232f4ff6d120a9e241e58a556733f7"},
    {file = "coverage-7.8.2-cp313-cp313t-macosx_10_13_x86_64.whl", hash = "sha256:8369a7c8ef66bded2b6484053749ff220dbf83cba84f3398c84c51a6f748a008"},
    {file = "coverage-7.8.2-cp313-cp313t-macosx_11_0_arm64.whl", hash = "sha256:159b81df53a5fcbc7d45dae3adad554fdbde9829a994e15227b3f9d816d00b36"},
    {file = "coverage-7.8.2-cp313-cp313t-manylinux_2_17_aarch64.manylinux2014_aarch64.whl", hash = "sha256:e6fcbbd35a96192d042c691c9e0c49ef54bd7ed865846a3c9d624c30bb67ce46"},
    {file = "coverage-7.8.2-cp313-cp313t-manylinux_2_5_i686.manylinux1_i686.manylinux_2_17_i686.manylinux2014_i686.whl", hash = "sha256:05364b9cc82f138cc86128dc4e2e1251c2981a2218bfcd556fe6b0fbaa3501be"},
    {file = "coverage-7.8.2-cp313-cp313t-manylinux_2_5_x86_64.manylinux1_x86_64.manylinux_2_17_x86_64.manylinux2014_x86_64.whl", hash = "sha256:46d532db4e5ff3979ce47d18e2fe8ecad283eeb7367726da0e5ef88e4fe64740"},
    {file = "coverage-7.8.2-cp313-cp313t-musllinux_1_2_aarch64.whl", hash = "sha256:4000a31c34932e7e4fa0381a3d6deb43dc0c8f458e3e7ea6502e6238e10be625"},
    {file = "coverage-7.8.2-cp313-cp313t-musllinux_1_2_i686.whl", hash = "sha256:43ff5033d657cd51f83015c3b7a443287250dc14e69910577c3e03bd2e06f27b"},
    {file = "coverage-7.8.2-cp313-cp313t-musllinux_1_2_x86_64.whl", hash = "sha256:94316e13f0981cbbba132c1f9f365cac1d26716aaac130866ca812006f662199"},
    {file = "coverage-7.8.2-cp313-cp313t-win32.whl", hash = "sha256:3f5673888d3676d0a745c3d0e16da338c5eea300cb1f4ada9c872981265e76d8"},
    {file = "coverage-7.8.2-cp313-cp313t-win_amd64.whl", hash = "sha256:2c08b05ee8d7861e45dc5a2cc4195c8c66dca5ac613144eb6ebeaff2d502e73d"},
    {file = "coverage-7.8.2-cp313-cp313t-win_arm64.whl", hash = "sha256:1e1448bb72b387755e1ff3ef1268a06617afd94188164960dba8d0245a46004b"},
    {file = "coverage-7.8.2-cp39-cp39-macosx_10_9_x86_64.whl", hash = "sha256:496948261eaac5ac9cf43f5d0a9f6eb7a6d4cb3bedb2c5d294138142f5c18f2a"},
    {file = "coverage-7.8.2-cp39-cp39-macosx_11_0_arm64.whl", hash = "sha256:eacd2de0d30871eff893bab0b67840a96445edcb3c8fd915e6b11ac4b2f3fa6d"},
    {file = "coverage-7.8.2-cp39-cp39-manylinux_2_17_aarch64.manylinux2014_aarch64.whl", hash = "sha256:b039ffddc99ad65d5078ef300e0c7eed08c270dc26570440e3ef18beb816c1ca"},
    {file = "coverage-7.8.2-cp39-cp39-manylinux_2_5_i686.manylinux1_i686.manylinux_2_17_i686.manylinux2014_i686.whl", hash = "sha256:0e49824808d4375ede9dd84e9961a59c47f9113039f1a525e6be170aa4f5c34d"},
    {file = "coverage-7.8.2-cp39-cp39-manylinux_2_5_x86_64.manylinux1_x86_64.manylinux_2_17_x86_64.manylinux2014_x86_64.whl", hash = "sha256:b069938961dfad881dc2f8d02b47645cd2f455d3809ba92a8a687bf513839787"},
    {file = "coverage-7.8.2-cp39-cp39-musllinux_1_2_aarch64.whl", hash = "sha256:de77c3ba8bb686d1c411e78ee1b97e6e0b963fb98b1637658dd9ad2c875cf9d7"},
    {file = "coverage-7.8.2-cp39-cp39-musllinux_1_2_i686.whl", hash = "sha256:1676628065a498943bd3f64f099bb573e08cf1bc6088bbe33cf4424e0876f4b3"},
    {file = "coverage-7.8.2-cp39-cp39-musllinux_1_2_x86_64.whl", hash = "sha256:8e1a26e7e50076e35f7afafde570ca2b4d7900a491174ca357d29dece5aacee7"},
    {file = "coverage-7.8.2-cp39-cp39-win32.whl", hash = "sha256:6782a12bf76fa61ad9350d5a6ef5f3f020b57f5e6305cbc663803f2ebd0f270a"},
    {file = "coverage-7.8.2-cp39-cp39-win_amd64.whl", hash = "sha256:1efa4166ba75ccefd647f2d78b64f53f14fb82622bc94c5a5cb0a622f50f1c9e"},
    {file = "coverage-7.8.2-pp39.pp310.pp311-none-any.whl", hash = "sha256:ec455eedf3ba0bbdf8f5a570012617eb305c63cb9f03428d39bf544cb2b94837"},
    {file = "coverage-7.8.2-py3-none-any.whl", hash = "sha256:726f32ee3713f7359696331a18daf0c3b3a70bb0ae71141b9d3c52be7c595e32"},
    {file = "coverage-7.8.2.tar.gz", hash = "sha256:a886d531373a1f6ff9fad2a2ba4a045b68467b779ae729ee0b3b10ac20033b27"},
]

[package.extras]
toml = ["tomli ; python_full_version <= \"3.11.0a6\""]

[[package]]
name = "debugpy"
version = "1.8.14"
description = "An implementation of the Debug Adapter Protocol for Python"
optional = false
python-versions = ">=3.8"
groups = ["main"]
files = [
    {file = "debugpy-1.8.14-cp310-cp310-macosx_14_0_x86_64.whl", hash = "sha256:93fee753097e85623cab1c0e6a68c76308cd9f13ffdf44127e6fab4fbf024339"},
    {file = "debugpy-1.8.14-cp310-cp310-manylinux_2_5_x86_64.manylinux1_x86_64.manylinux_2_17_x86_64.manylinux2014_x86_64.whl", hash = "sha256:3d937d93ae4fa51cdc94d3e865f535f185d5f9748efb41d0d49e33bf3365bd79"},
    {file = "debugpy-1.8.14-cp310-cp310-win32.whl", hash = "sha256:c442f20577b38cc7a9aafecffe1094f78f07fb8423c3dddb384e6b8f49fd2987"},
    {file = "debugpy-1.8.14-cp310-cp310-win_amd64.whl", hash = "sha256:f117dedda6d969c5c9483e23f573b38f4e39412845c7bc487b6f2648df30fe84"},
    {file = "debugpy-1.8.14-cp311-cp311-macosx_14_0_universal2.whl", hash = "sha256:1b2ac8c13b2645e0b1eaf30e816404990fbdb168e193322be8f545e8c01644a9"},
    {file = "debugpy-1.8.14-cp311-cp311-manylinux_2_5_x86_64.manylinux1_x86_64.manylinux_2_17_x86_64.manylinux2014_x86_64.whl", hash = "sha256:cf431c343a99384ac7eab2f763980724834f933a271e90496944195318c619e2"},
    {file = "debugpy-1.8.14-cp311-cp311-win32.whl", hash = "sha256:c99295c76161ad8d507b413cd33422d7c542889fbb73035889420ac1fad354f2"},
    {file = "debugpy-1.8.14-cp311-cp311-win_amd64.whl", hash = "sha256:7816acea4a46d7e4e50ad8d09d963a680ecc814ae31cdef3622eb05ccacf7b01"},
    {file = "debugpy-1.8.14-cp312-cp312-macosx_14_0_universal2.whl", hash = "sha256:8899c17920d089cfa23e6005ad9f22582fd86f144b23acb9feeda59e84405b84"},
    {file = "debugpy-1.8.14-cp312-cp312-manylinux_2_5_x86_64.manylinux1_x86_64.manylinux_2_17_x86_64.manylinux2014_x86_64.whl", hash = "sha256:f6bb5c0dcf80ad5dbc7b7d6eac484e2af34bdacdf81df09b6a3e62792b722826"},
    {file = "debugpy-1.8.14-cp312-cp312-win32.whl", hash = "sha256:281d44d248a0e1791ad0eafdbbd2912ff0de9eec48022a5bfbc332957487ed3f"},
    {file = "debugpy-1.8.14-cp312-cp312-win_amd64.whl", hash = "sha256:5aa56ef8538893e4502a7d79047fe39b1dae08d9ae257074c6464a7b290b806f"},
    {file = "debugpy-1.8.14-cp313-cp313-macosx_14_0_universal2.whl", hash = "sha256:329a15d0660ee09fec6786acdb6e0443d595f64f5d096fc3e3ccf09a4259033f"},
    {file = "debugpy-1.8.14-cp313-cp313-manylinux_2_5_x86_64.manylinux1_x86_64.manylinux_2_17_x86_64.manylinux2014_x86_64.whl", hash = "sha256:0f920c7f9af409d90f5fd26e313e119d908b0dd2952c2393cd3247a462331f15"},
    {file = "debugpy-1.8.14-cp313-cp313-win32.whl", hash = "sha256:3784ec6e8600c66cbdd4ca2726c72d8ca781e94bce2f396cc606d458146f8f4e"},
    {file = "debugpy-1.8.14-cp313-cp313-win_amd64.whl", hash = "sha256:684eaf43c95a3ec39a96f1f5195a7ff3d4144e4a18d69bb66beeb1a6de605d6e"},
    {file = "debugpy-1.8.14-cp38-cp38-macosx_14_0_x86_64.whl", hash = "sha256:d5582bcbe42917bc6bbe5c12db1bffdf21f6bfc28d4554b738bf08d50dc0c8c3"},
    {file = "debugpy-1.8.14-cp38-cp38-manylinux_2_5_x86_64.manylinux1_x86_64.manylinux_2_17_x86_64.manylinux2014_x86_64.whl", hash = "sha256:5349b7c3735b766a281873fbe32ca9cca343d4cc11ba4a743f84cb854339ff35"},
    {file = "debugpy-1.8.14-cp38-cp38-win32.whl", hash = "sha256:7118d462fe9724c887d355eef395fae68bc764fd862cdca94e70dcb9ade8a23d"},
    {file = "debugpy-1.8.14-cp38-cp38-win_amd64.whl", hash = "sha256:d235e4fa78af2de4e5609073972700523e372cf5601742449970110d565ca28c"},
    {file = "debugpy-1.8.14-cp39-cp39-macosx_14_0_x86_64.whl", hash = "sha256:413512d35ff52c2fb0fd2d65e69f373ffd24f0ecb1fac514c04a668599c5ce7f"},
    {file = "debugpy-1.8.14-cp39-cp39-manylinux_2_5_x86_64.manylinux1_x86_64.manylinux_2_17_x86_64.manylinux2014_x86_64.whl", hash = "sha256:4c9156f7524a0d70b7a7e22b2e311d8ba76a15496fb00730e46dcdeedb9e1eea"},
    {file = "debugpy-1.8.14-cp39-cp39-win32.whl", hash = "sha256:b44985f97cc3dd9d52c42eb59ee9d7ee0c4e7ecd62bca704891f997de4cef23d"},
    {file = "debugpy-1.8.14-cp39-cp39-win_amd64.whl", hash = "sha256:b1528cfee6c1b1c698eb10b6b096c598738a8238822d218173d21c3086de8123"},
    {file = "debugpy-1.8.14-py2.py3-none-any.whl", hash = "sha256:5cd9a579d553b6cb9759a7908a41988ee6280b961f24f63336835d9418216a20"},
    {file = "debugpy-1.8.14.tar.gz", hash = "sha256:7cd287184318416850aa8b60ac90105837bb1e59531898c07569d197d2ed5322"},
]

[[package]]
name = "fakeredis"
version = "2.29.0"
description = "Python implementation of redis API, can be used for testing purposes."
optional = false
python-versions = "<4.0,>=3.7"
groups = ["test"]
files = [
    {file = "fakeredis-2.29.0-py3-none-any.whl", hash = "sha256:f644c0a69dc088455d75a9b259d101e28a1c5659381aa6d9ee6c2b31eb5a909f"},
    {file = "fakeredis-2.29.0.tar.gz", hash = "sha256:159cebf2c53e2c2bd7d18220fa93aa5f1d7152f6b6dd7896c46234d674342398"},
]

[package.dependencies]
lupa = {version = ">=2.1,<3.0", optional = true, markers = "extra == \"lua\""}
redis = {version = ">=4.3", markers = "python_full_version > \"3.8.0\""}
sortedcontainers = ">=2,<3"

[package.extras]
bf = ["pyprobables (>=0.6,<0.7)"]
cf = ["pyprobables (>=0.6,<0.7)"]
json = ["jsonpath-ng (>=1.6,<2.0)"]
lua = ["lupa (>=2.1,<3.0)"]
probabilistic = ["pyprobables (>=0.6,<0.7)"]

[[package]]
name = "iniconfig"
version = "2.1.0"
description = "brain-dead simple config-ini parsing"
optional = false
python-versions = ">=3.8"
groups = ["test"]
files = [
    {file = "iniconfig-2.1.0-py3-none-any.whl", hash = "sha256:9deba5723312380e77435581c6bf4935c94cbfab9b1ed33ef8d238ea168eb760"},
    {file = "iniconfig-2.1.0.tar.gz", hash = "sha256:3abbd2e30b36733fee78f9c7f7308f2d0050e88f0087fd25c2645f63c773e1c7"},
]

[[package]]
name = "lupa"
version = "2.4"
description = "Python wrapper around Lua and LuaJIT"
optional = false
python-versions = "*"
groups = ["test"]
files = [
    {file = "lupa-2.4-cp310-cp310-macosx_11_0_arm64.whl", hash = "sha256:518822e047b2c65146cf09efb287f28c2eb3ced38bcc661f881f33bcd9e2ba1f"},
    {file = "lupa-2.4-cp310-cp310-macosx_11_0_universal2.whl", hash = "sha256:15ce18c8b7642dd5b8f491c6e19fea6079f24f52e543c698622e5eb80b17b952"},
    {file = "lupa-2.4-cp310-cp310-macosx_11_0_x86_64.whl", hash = "sha256:aea832d79931b512827ab6af68b1d20099d290c7bd94b98306bc9d639a719c6f"},
    {file = "lupa-2.4-cp310-cp310-manylinux_2_12_i686.manylinux2010_i686.manylinux_2_17_i686.manylinux2014_i686.whl", hash = "sha256:3d7f7dc548c35c0384aa54e3a8e0953dead10975e7d5ff9516ba09a36127f449"},
    {file = "lupa-2.4-cp310-cp310-manylinux_2_17_aarch64.manylinux2014_aarch64.whl", hash = "sha256:e166d81e6e39a7fedd5dd1d6560483bb7b0db18e1fe4153cc92088a1a81d9035"},
    {file = "lupa-2.4-cp310-cp310-manylinux_2_17_x86_64.manylinux2014_x86_64.whl", hash = "sha256:2a35e974e9dce96217dda3db89a22384093fdaa3ea7a3d8aaf6e548767634c34"},
    {file = "lupa-2.4-cp310-cp310-musllinux_1_2_aarch64.whl", hash = "sha256:bc4bfd7abc63940e71d46ef22080ff02315b5c7619341daca5ea37f6a595edc6"},
    {file = "lupa-2.4-cp310-cp310-musllinux_1_2_i686.whl", hash = "sha256:b38ce88bfef9677b94bd5ab67d1359dd87fa7a78189909e28e90ada65bb5064b"},
    {file = "lupa-2.4-cp310-cp310-musllinux_1_2_x86_64.whl", hash = "sha256:815071e5ef2d313b5e69f5671a343580643e2794cc5f38e22f75995116df11e8"},
    {file = "lupa-2.4-cp310-cp310-win32.whl", hash = "sha256:98c3160f5d1e5b9e976f836ca9a97e51ad3b52043680f117ba3d6c535309fef0"},
    {file = "lupa-2.4-cp310-cp310-win_amd64.whl", hash = "sha256:f1a0cee956c929f09aa8af36d2b28f1a39170ef8673deaf7b80a5dd8a30d1c54"},
    {file = "lupa-2.4-cp311-cp311-macosx_11_0_arm64.whl", hash = "sha256:5ae945bb9b6fd84bfa4bd3a3caabe54d05d2514da16e1f45d304208c58819ebd"},
    {file = "lupa-2.4-cp311-cp311-macosx_11_0_universal2.whl", hash = "sha256:dae6006214974192775d76bee156cee42632320f93f9756d2763f4aa90090026"},
    {file = "lupa-2.4-cp311-cp311-macosx_11_0_x86_64.whl", hash = "sha256:fdcf8ae011e2e631dd1737cdf705219eb797063f0455761c7046c2554f1d3f8c"},
    {file = "lupa-2.4-cp311-cp311-manylinux_2_12_i686.manylinux2010_i686.manylinux_2_17_i686.manylinux2014_i686.whl", hash = "sha256:db0b331de8dcdc6540e6a62500fcbfb1e3d9887c6ff5fb146b8713018ea7c102"},
    {file = "lupa-2.4-cp311-cp311-manylinux_2_17_aarch64.manylinux2014_aarch64.whl", hash = "sha256:63c74c457e52d6532795e60e3f3ad87ae38a833d2a427abd55d98032701b0d39"},
    {file = "lupa-2.4-cp311-cp311-manylinux_2_17_x86_64.manylinux2014_x86_64.whl", hash = "sha256:795d047b85363b8f9123cb87bd590d177f7c31a631cc6e0a9de2dbb7f92cf6d5"},
    {file = "lupa-2.4-cp311-cp311-musllinux_1_2_aarch64.whl", hash = "sha256:4b2a360db05c66cf4cca0e07fe322a3b2fe2209a46f8e9d8ff2f4b93b5368b35"},
    {file = "lupa-2.4-cp311-cp311-musllinux_1_2_i686.whl", hash = "sha256:c6f38b65bb16ce9c92c6d993c60aca1d700326a513ce294635a67a1553689e64"},
    {file = "lupa-2.4-cp311-cp311-musllinux_1_2_x86_64.whl", hash = "sha256:fd0266968ade202b45747e932fb2e1823587eee2b0983733841325a0ade272ed"},
    {file = "lupa-2.4-cp311-cp311-win32.whl", hash = "sha256:8a917b550db751419bd7ec426e26605ad8934a540d376d253b6c6ab1570ce58a"},
    {file = "lupa-2.4-cp311-cp311-win_amd64.whl", hash = "sha256:c8ceb7beb0d6f42d8a20bfa880f986f29ba8ad162ac678d62a9b2628e8ee6946"},
    {file = "lupa-2.4-cp312-cp312-macosx_11_0_arm64.whl", hash = "sha256:bbf9b26bd8e4f28e794e3572bfcff4489a137747de26bdfe3df33b88370f39cc"},
    {file = "lupa-2.4-cp312-cp312-macosx_11_0_universal2.whl", hash = "sha256:085f104ec8e4a848177c16691724da45d0bb8c79deef331fd21c36bdc53e941b"},
    {file = "lupa-2.4-cp312-cp312-macosx_11_0_x86_64.whl", hash = "sha256:81f3a4d471e2eb4e4db3ae9367d1144298f94ff8213c701eee8f9e8100f80b4a"},
    {file = "lupa-2.4-cp312-cp312-manylinux_2_12_i686.manylinux2010_i686.manylinux_2_17_i686.manylinux2014_i686.whl", hash = "sha256:c803c8a5692145024c20ce8ee82826b8840fd806565fa8134621b361f66451d8"},
    {file = "lupa-2.4-cp312-cp312-manylinux_2_17_aarch64.manylinux2014_aarch64.whl", hash = "sha256:6732f4051f982695a87db69539fd9b4c2bddf51ee43cdcc1a2c379ca6af6c5b2"},
    {file = "lupa-2.4-cp312-cp312-manylinux_2_17_x86_64.manylinux2014_x86_64.whl", hash = "sha256:cdbb1213a20a52e8e2c90f473d15a8a9c885eaf291d3536faf5414e3a5c3f8e6"},
    {file = "lupa-2.4-cp312-cp312-musllinux_1_2_aarch64.whl", hash = "sha256:34992e172096e2209d5a55364774e90311ef30fe002ca6ab9e617211c08651de"},
    {file = "lupa-2.4-cp312-cp312-musllinux_1_2_i686.whl", hash = "sha256:1b4cfa0fd7f666ad1b56643b7f43925445ccf6f68a75ae715c155bc56dbc843d"},
    {file = "lupa-2.4-cp312-cp312-musllinux_1_2_x86_64.whl", hash = "sha256:41286859dc564098f8cc3d707d8f6a8934540127761498752c4fa25aea38d89b"},
    {file = "lupa-2.4-cp312-cp312-win32.whl", hash = "sha256:bb41e63ca36ba4eafb346fcea2daede74484ef2b70affd934e7d265d30d32dcd"},
    {file = "lupa-2.4-cp312-cp312-win_amd64.whl", hash = "sha256:a89ed97ea51c093cfa0fd00669e4d9fdda8b1bd9abb756339ea8c96cb7e890f7"},
    {file = "lupa-2.4-cp313-cp313-macosx_11_0_arm64.whl", hash = "sha256:12b30ea0586579ecde0e13bb372010326178ff309f52b5e39f6df843bd815ba7"},
    {file = "lupa-2.4-cp313-cp313-macosx_11_0_universal2.whl", hash = "sha256:0fce2487f9d9199e0d78478ecd1ba47d1779850588a8e0b7def4f3adf25e943c"},
    {file = "lupa-2.4-cp313-cp313-macosx_11_0_x86_64.whl", hash = "sha256:ed71a89d500191f7d0ad5a0b988298e4d9fde8445fbac940e0996e214760a5c5"},
    {file = "lupa-2.4-cp313-cp313-manylinux_2_12_i686.manylinux2010_i686.manylinux_2_17_i686.manylinux2014_i686.whl", hash = "sha256:41f2b0d0b44e1c94814f69ba82ef25b7e47a7f3edcd47d220a11ee3b64514452"},
    {file = "lupa-2.4-cp313-cp313-manylinux_2_17_aarch64.manylinux2014_aarch64.whl", hash = "sha256:f16fbaa68ec999ee5e8935d517df8d8a6bfcaa8fb2fe5b9c60131be15590d0c0"},
    {file = "lupa-2.4-cp313-cp313-manylinux_2_17_x86_64.manylinux2014_x86_64.whl", hash = "sha256:4842759d027db108f605dc895c9afc4011d12eac448e0d092a4d0b21e79ba1c5"},
    {file = "lupa-2.4-cp313-cp313-musllinux_1_2_aarch64.whl", hash = "sha256:52efeef1e632c5edff61bd6d79b0f393e515ea2a464f6f0d4276ecc565279f04"},
    {file = "lupa-2.4-cp313-cp313-musllinux_1_2_i686.whl", hash = "sha256:2b32202a1244b6c7aaa6d2a611b5a842de4b166703388db66265b37074e255fd"},
    {file = "lupa-2.4-cp313-cp313-musllinux_1_2_x86_64.whl", hash = "sha256:ba0649579b0698ce4841106ec7eee657995b8c13e9f5e16bbf93e8afb387d59b"},
    {file = "lupa-2.4-cp313-cp313-win32.whl", hash = "sha256:18e12e714a2f633bf3583f23ec07904a0584e351889eff7f98439d520255a204"},
    {file = "lupa-2.4-cp313-cp313-win_amd64.whl", hash = "sha256:203a11122bd11366e5b836590ea11bf2ebfb79bfdaf0ffd44b6646cea51cb255"},
    {file = "lupa-2.4-cp36-cp36m-manylinux_2_12_i686.manylinux2010_i686.manylinux_2_17_i686.manylinux2014_i686.whl", hash = "sha256:07f55b6c30f9e03f63ca7c4037b146110194ab0f89021a9923b817a01aa1c3bc"},
    {file = "lupa-2.4-cp36-cp36m-manylinux_2_17_aarch64.manylinux2014_aarch64.whl", hash = "sha256:f2d5c732f4fe8a4f1577f49e7a31045294019c731208ecee6f194bb03ee4c186"},
    {file = "lupa-2.4-cp36-cp36m-manylinux_2_17_x86_64.manylinux2014_x86_64.whl", hash = "sha256:90a41c0f2744be3b055dec0b9f65cd87c52fb7a86891df43292369ee8e4ea111"},
    {file = "lupa-2.4-cp36-cp36m-musllinux_1_2_aarch64.whl", hash = "sha256:34994926045e66fea6b93b2caab3ac66f5de4218055fd4dd2b98198b2c3765ee"},
    {file = "lupa-2.4-cp36-cp36m-musllinux_1_2_i686.whl", hash = "sha256:b250cd39639fff9a842a138f18343c579a993e56c9dea8914398e5c9775f6b0d"},
    {file = "lupa-2.4-cp36-cp36m-musllinux_1_2_x86_64.whl", hash = "sha256:1247453e4b95dfbf88a13065e49815992db16485398760951425a29df7b5e2dc"},
    {file = "lupa-2.4-cp36-cp36m-win32.whl", hash = "sha256:0f95747c40156a77b4336f1bb42f1e29e42cfb46c57b978b50db6980025b528c"},
    {file = "lupa-2.4-cp36-cp36m-win_amd64.whl", hash = "sha256:4e12cfc3005fcd2a5424449a7d989d1820b7e17a06d65dfe769255278122b69e"},
    {file = "lupa-2.4-cp37-cp37m-macosx_11_0_x86_64.whl", hash = "sha256:31e522dcd53cb2a8c53161465f3d20dc9672241b2c4f5384ebda07f30d35d7f7"},
    {file = "lupa-2.4-cp37-cp37m-manylinux_2_12_i686.manylinux2010_i686.manylinux_2_17_i686.manylinux2014_i686.whl", hash = "sha256:710067765c252328ba2d521a3ab7dfef3a6b89293b9ed24254587db5210612ca"},
    {file = "lupa-2.4-cp37-cp37m-manylinux_2_17_aarch64.manylinux2014_aarch64.whl", hash = "sha256:9c3feb9d8af4c5cda2f1523ce6b40cadc96b8de275d84f7d64e1a35b8ecd7f62"},
    {file = "lupa-2.4-cp37-cp37m-manylinux_2_17_x86_64.manylinux2014_x86_64.whl", hash = "sha256:89d802cd78da75262477148ef5aea14c8da76f356329f69b44bc3b31dd3d64a1"},
    {file = "lupa-2.4-cp37-cp37m-musllinux_1_2_aarch64.whl", hash = "sha256:e84b388356fe392d787e6a8aed182bd5b807de8965aa9ef6f10d0eb5e47ddca5"},
    {file = "lupa-2.4-cp37-cp37m-musllinux_1_2_i686.whl", hash = "sha256:f70d9d7e2fd38a3124461cb3a2d10494c4fbea0ee9fa801e6066b79f0a75e5f0"},
    {file = "lupa-2.4-cp37-cp37m-musllinux_1_2_x86_64.whl", hash = "sha256:7ca47a1ac55c8f5cc0043b9fee195b2f6f3b9435fde71a0e035546b9410731e9"},
    {file = "lupa-2.4-cp37-cp37m-win32.whl", hash = "sha256:829bfb692fee181d275c0d24dafe2c2273794f438469d0fd32f0127652f57e7a"},
    {file = "lupa-2.4-cp37-cp37m-win_amd64.whl", hash = "sha256:ea439dbd6c3e9895f986fff57a4617140239ad3f0b60ca4ccff0b32b3401b8d5"},
    {file = "lupa-2.4-cp38-cp38-macosx_11_0_arm64.whl", hash = "sha256:76bae9285a26d1a1cacb630d1db57e829f3f91d1e8c0760acabd0e9d04eb65f3"},
    {file = "lupa-2.4-cp38-cp38-macosx_11_0_x86_64.whl", hash = "sha256:27cafb9bbe5a4869a50dcb7aca068e1cc68e233d54cd6093116ffb868f7083e3"},
    {file = "lupa-2.4-cp38-cp38-manylinux_2_12_i686.manylinux2010_i686.manylinux_2_17_i686.manylinux2014_i686.whl", hash = "sha256:d1737a54ac93b0bfe22762506665b7ac433fd161a596aee342e4dae106198349"},
    {file = "lupa-2.4-cp38-cp38-manylinux_2_17_aarch64.manylinux2014_aarch64.whl", hash = "sha256:03fca7715493efc98db21686e225942dba3ca1683c6c501e47384702871d7c79"},
    {file = "lupa-2.4-cp38-cp38-manylinux_2_17_x86_64.manylinux2014_x86_64.whl", hash = "sha256:579fae5adf99f6872379c585def71e502312072ec8bdf04244dc6c875f2b10c4"},
    {file = "lupa-2.4-cp38-cp38-musllinux_1_2_aarch64.whl", hash = "sha256:073bf02f31fa60cff0952b0f4c41a635b3a63d75b4d6afdf2380520efad78241"},
    {file = "lupa-2.4-cp38-cp38-musllinux_1_2_i686.whl", hash = "sha256:6ed59e6ed08c4ddae4bbf317b37af5ee2253c5ff14dc3914a5f3d3c128535d90"},
    {file = "lupa-2.4-cp38-cp38-musllinux_1_2_x86_64.whl", hash = "sha256:a1c9fed2ee9ce6c117fe78f987617a8890c09d19476ec97aa64ce2c6cbb507f0"},
    {file = "lupa-2.4-cp38-cp38-win32.whl", hash = "sha256:9c803d22bdfd0e0de7b43793b10d1e235defdbfbb99dbf12405dfb7e34d004d6"},
    {file = "lupa-2.4-cp38-cp38-win_amd64.whl", hash = "sha256:a468c6fe8334af1a5c5881e54afc39c3ebbef0e1d4af1a9ceaf04a4c95edfb9a"},
    {file = "lupa-2.4-cp39-cp39-macosx_11_0_arm64.whl", hash = "sha256:74a3747bcd53b9f1b6adf44343a614cf0d03a4f11d2e9dee08900a2c18f1266a"},
    {file = "lupa-2.4-cp39-cp39-macosx_11_0_universal2.whl", hash = "sha256:7bb03be049222056ae344b73a2a3c6d842c55c3a69b5c5acea0f9f5a0f1dddc1"},
    {file = "lupa-2.4-cp39-cp39-macosx_11_0_x86_64.whl", hash = "sha256:79ff99c6a3493c2eb69a932e034d0e67fa03ef50e235c0804393ca6040ab9a90"},
    {file = "lupa-2.4-cp39-cp39-manylinux_2_12_i686.manylinux2010_i686.manylinux_2_17_i686.manylinux2014_i686.whl", hash = "sha256:599764acf3db817b1623ef82988c85d0c361b564108918658079eca1dcd2cc8b"},
    {file = "lupa-2.4-cp39-cp39-manylinux_2_17_aarch64.manylinux2014_aarch64.whl", hash = "sha256:6218c0dead8d85ff716969347273af3abf29fa520e07a0fc88079a8cefd58faf"},
    {file = "lupa-2.4-cp39-cp39-manylinux_2_17_x86_64.manylinux2014_x86_64.whl", hash = "sha256:6a4f6483c55a6449bd95b0c0b17683b0fde6970b578da4f5de37892884b4d353"},
    {file = "lupa-2.4-cp39-cp39-musllinux_1_2_aarch64.whl", hash = "sha256:00f7fb8ae883a25bc17058dae19635da32dd79b3c43470f4267d57f7bd2d5a93"},
    {file = "lupa-2.4-cp39-cp39-musllinux_1_2_i686.whl", hash = "sha256:0df511db2bf0a4e7c8bb5c0092a83e0c217a175f10dba59297b2b903b02e243f"},
    {file = "lupa-2.4-cp39-cp39-musllinux_1_2_x86_64.whl", hash = "sha256:761491befe07097a07f7a1f0a6595076ca04c8b2db6071e8dedbbbf4cf1d5591"},
    {file = "lupa-2.4-cp39-cp39-win32.whl", hash = "sha256:b53f91cbcd2673a25754bc65b4224ffa3e9cd580a4c7cf2659db7ca432d1b69b"},
    {file = "lupa-2.4-cp39-cp39-win_amd64.whl", hash = "sha256:ff91e00c077b7e3fc2c5a8b4bcc1f62eaf403f435fc801f32dd610f20332dc0a"},
    {file = "lupa-2.4-pp310-pypy310_pp73-macosx_11_0_x86_64.whl", hash = "sha256:889329d0e8e12a1e2529b0258ee69bb1f2ea94aa673b1782f9e12aa55ff3c960"},
    {file = "lupa-2.4-pp310-pypy310_pp73-manylinux_2_17_x86_64.manylinux2014_x86_64.whl", hash = "sha256:84d58aedec8996065e3fc6d397c1434e86176feda09ce7a73227506fc89d1c48"},
    {file = "lupa-2.4-pp310-pypy310_pp73-win_amd64.whl", hash = "sha256:2708eb13b7c0696d9c9e02eea1717c4a24812395d18e6500547ae440da8d7963"},
    {file = "lupa-2.4-pp37-pypy37_pp73-macosx_11_0_x86_64.whl", hash = "sha256:834f81a582eabb2242599a9ed222f14d4b17ffff986d42ef8e62cae3e45912c0"},
    {file = "lupa-2.4-pp37-pypy37_pp73-manylinux_2_17_x86_64.manylinux2014_x86_64.whl", hash = "sha256:5beeb9ee39877302b85226b81fa8038f3a46aba9393c64d08f349bf0455efb73"},
    {file = "lupa-2.4-pp37-pypy37_pp73-win_amd64.whl", hash = "sha256:6e758c5d7c1ed9adca15791d24c78b27f67fa9b0df0126f4334001c94e2742a2"},
    {file = "lupa-2.4-pp38-pypy38_pp73-macosx_11_0_x86_64.whl", hash = "sha256:eb122ed5a987e579b7fc41382946f1185b78672a2aded1263752b98a0aa11f06"},
    {file = "lupa-2.4-pp38-pypy38_pp73-manylinux_2_17_x86_64.manylinux2014_x86_64.whl", hash = "sha256:03fc9263ed07229aaa09fa93a2f485f6b9ce5a2364e80088c8c96376bada65ad"},
    {file = "lupa-2.4-pp38-pypy38_pp73-win_amd64.whl", hash = "sha256:a1a5206eb870b5d21285041fe111b8b41b2da789bbf8a50bc45600be24d7a415"},
    {file = "lupa-2.4-pp39-pypy39_pp73-macosx_11_0_x86_64.whl", hash = "sha256:cc521f6d228749fd57649a956f9543a729e462d7693540d4397e6b9f378e3196"},
    {file = "lupa-2.4-pp39-pypy39_pp73-manylinux_2_17_x86_64.manylinux2014_x86_64.whl", hash = "sha256:fdda690d24aa55e00971bc8443a7d8a28aade14eb01603aed65b345c9dcd92e3"},
    {file = "lupa-2.4-pp39-pypy39_pp73-win_amd64.whl", hash = "sha256:71e9cfa60042b3de4dd68f00a2c94dd45e03d3583fb0fc802d9fbbb3b32dd2f7"},
    {file = "lupa-2.4.tar.gz", hash = "sha256:5300d21f81aa1bd4d45f55e31dddba3b879895696068a3f84cfcb5fd9148aacd"},
]

[[package]]
name = "mako"
version = "1.3.10"
description = "A super-fast templating language that borrows the best ideas from the existing templating languages."
optional = false
python-versions = ">=3.8"
groups = ["docs"]
files = [
    {file = "mako-1.3.10-py3-none-any.whl", hash = "sha256:baef24a52fc4fc514a0887ac600f9f1cff3d82c61d4d700a1fa84d597b88db59"},
    {file = "mako-1.3.10.tar.gz", hash = "sha256:99579a6f39583fa7e5630a28c3c1f440e4e97a414b80372649c0ce338da2ea28"},
]

[package.dependencies]
MarkupSafe = ">=0.9.2"

[package.extras]
babel = ["Babel"]
lingua = ["lingua"]
testing = ["pytest"]

[[package]]
name = "markdown"
version = "3.8"
description = "Python implementation of John Gruber's Markdown."
optional = false
python-versions = ">=3.9"
groups = ["docs"]
files = [
    {file = "markdown-3.8-py3-none-any.whl", hash = "sha256:794a929b79c5af141ef5ab0f2f642d0f7b1872981250230e72682346f7cc90dc"},
    {file = "markdown-3.8.tar.gz", hash = "sha256:7df81e63f0df5c4b24b7d156eb81e4690595239b7d70937d0409f1b0de319c6f"},
]

[package.extras]
docs = ["mdx_gh_links (>=0.2)", "mkdocs (>=1.6)", "mkdocs-gen-files", "mkdocs-literate-nav", "mkdocs-nature (>=0.6)", "mkdocs-section-index", "mkdocstrings[python]"]
testing = ["coverage", "pyyaml"]

[[package]]
name = "markupsafe"
version = "3.0.2"
description = "Safely add untrusted strings to HTML/XML markup."
optional = false
python-versions = ">=3.9"
groups = ["docs"]
files = [
    {file = "MarkupSafe-3.0.2-cp310-cp310-macosx_10_9_universal2.whl", hash = "sha256:7e94c425039cde14257288fd61dcfb01963e658efbc0ff54f5306b06054700f8"},
    {file = "MarkupSafe-3.0.2-cp310-cp310-macosx_11_0_arm64.whl", hash = "sha256:9e2d922824181480953426608b81967de705c3cef4d1af983af849d7bd619158"},
    {file = "MarkupSafe-3.0.2-cp310-cp310-manylinux_2_17_aarch64.manylinux2014_aarch64.whl", hash = "sha256:38a9ef736c01fccdd6600705b09dc574584b89bea478200c5fbf112a6b0d5579"},
    {file = "MarkupSafe-3.0.2-cp310-cp310-manylinux_2_17_x86_64.manylinux2014_x86_64.whl", hash = "sha256:bbcb445fa71794da8f178f0f6d66789a28d7319071af7a496d4d507ed566270d"},
    {file = "MarkupSafe-3.0.2-cp310-cp310-manylinux_2_5_i686.manylinux1_i686.manylinux_2_17_i686.manylinux2014_i686.whl", hash = "sha256:57cb5a3cf367aeb1d316576250f65edec5bb3be939e9247ae594b4bcbc317dfb"},
    {file = "MarkupSafe-3.0.2-cp310-cp310-musllinux_1_2_aarch64.whl", hash = "sha256:3809ede931876f5b2ec92eef964286840ed3540dadf803dd570c3b7e13141a3b"},
    {file = "MarkupSafe-3.0.2-cp310-cp310-musllinux_1_2_i686.whl", hash = "sha256:e07c3764494e3776c602c1e78e298937c3315ccc9043ead7e685b7f2b8d47b3c"},
    {file = "MarkupSafe-3.0.2-cp310-cp310-musllinux_1_2_x86_64.whl", hash = "sha256:b424c77b206d63d500bcb69fa55ed8d0e6a3774056bdc4839fc9298a7edca171"},
    {file = "MarkupSafe-3.0.2-cp310-cp310-win32.whl", hash = "sha256:fcabf5ff6eea076f859677f5f0b6b5c1a51e70a376b0579e0eadef8db48c6b50"},
    {file = "MarkupSafe-3.0.2-cp310-cp310-win_amd64.whl", hash = "sha256:6af100e168aa82a50e186c82875a5893c5597a0c1ccdb0d8b40240b1f28b969a"},
    {file = "MarkupSafe-3.0.2-cp311-cp311-macosx_10_9_universal2.whl", hash = "sha256:9025b4018f3a1314059769c7bf15441064b2207cb3f065e6ea1e7359cb46db9d"},
    {file = "MarkupSafe-3.0.2-cp311-cp311-macosx_11_0_arm64.whl", hash = "sha256:93335ca3812df2f366e80509ae119189886b0f3c2b81325d39efdb84a1e2ae93"},
    {file = "MarkupSafe-3.0.2-cp311-cp311-manylinux_2_17_aarch64.manylinux2014_aarch64.whl", hash = "sha256:2cb8438c3cbb25e220c2ab33bb226559e7afb3baec11c4f218ffa7308603c832"},
    {file = "MarkupSafe-3.0.2-cp311-cp311-manylinux_2_17_x86_64.manylinux2014_x86_64.whl", hash = "sha256:a123e330ef0853c6e822384873bef7507557d8e4a082961e1defa947aa59ba84"},
    {file = "MarkupSafe-3.0.2-cp311-cp311-manylinux_2_5_i686.manylinux1_i686.manylinux_2_17_i686.manylinux2014_i686.whl", hash = "sha256:1e084f686b92e5b83186b07e8a17fc09e38fff551f3602b249881fec658d3eca"},
    {file = "MarkupSafe-3.0.2-cp311-cp311-musllinux_1_2_aarch64.whl", hash = "sha256:d8213e09c917a951de9d09ecee036d5c7d36cb6cb7dbaece4c71a60d79fb9798"},
    {file = "MarkupSafe-3.0.2-cp311-cp311-musllinux_1_2_i686.whl", hash = "sha256:5b02fb34468b6aaa40dfc198d813a641e3a63b98c2b05a16b9f80b7ec314185e"},
    {file = "MarkupSafe-3.0.2-cp311-cp311-musllinux_1_2_x86_64.whl", hash = "sha256:0bff5e0ae4ef2e1ae4fdf2dfd5b76c75e5c2fa4132d05fc1b0dabcd20c7e28c4"},
    {file = "MarkupSafe-3.0.2-cp311-cp311-win32.whl", hash = "sha256:6c89876f41da747c8d3677a2b540fb32ef5715f97b66eeb0c6b66f5e3ef6f59d"},
    {file = "MarkupSafe-3.0.2-cp311-cp311-win_amd64.whl", hash = "sha256:70a87b411535ccad5ef2f1df5136506a10775d267e197e4cf531ced10537bd6b"},
    {file = "MarkupSafe-3.0.2-cp312-cp312-macosx_10_13_universal2.whl", hash = "sha256:9778bd8ab0a994ebf6f84c2b949e65736d5575320a17ae8984a77fab08db94cf"},
    {file = "MarkupSafe-3.0.2-cp312-cp312-macosx_11_0_arm64.whl", hash = "sha256:846ade7b71e3536c4e56b386c2a47adf5741d2d8b94ec9dc3e92e5e1ee1e2225"},
    {file = "MarkupSafe-3.0.2-cp312-cp312-manylinux_2_17_aarch64.manylinux2014_aarch64.whl", hash = "sha256:1c99d261bd2d5f6b59325c92c73df481e05e57f19837bdca8413b9eac4bd8028"},
    {file = "MarkupSafe-3.0.2-cp312-cp312-manylinux_2_17_x86_64.manylinux2014_x86_64.whl", hash = "sha256:e17c96c14e19278594aa4841ec148115f9c7615a47382ecb6b82bd8fea3ab0c8"},
    {file = "MarkupSafe-3.0.2-cp312-cp312-manylinux_2_5_i686.manylinux1_i686.manylinux_2_17_i686.manylinux2014_i686.whl", hash = "sha256:88416bd1e65dcea10bc7569faacb2c20ce071dd1f87539ca2ab364bf6231393c"},
    {file = "MarkupSafe-3.0.2-cp312-cp312-musllinux_1_2_aarch64.whl", hash = "sha256:2181e67807fc2fa785d0592dc2d6206c019b9502410671cc905d132a92866557"},
    {file = "MarkupSafe-3.0.2-cp312-cp312-musllinux_1_2_i686.whl", hash = "sha256:52305740fe773d09cffb16f8ed0427942901f00adedac82ec8b67752f58a1b22"},
    {file = "MarkupSafe-3.0.2-cp312-cp312-musllinux_1_2_x86_64.whl", hash = "sha256:ad10d3ded218f1039f11a75f8091880239651b52e9bb592ca27de44eed242a48"},
    {file = "MarkupSafe-3.0.2-cp312-cp312-win32.whl", hash = "sha256:0f4ca02bea9a23221c0182836703cbf8930c5e9454bacce27e767509fa286a30"},
    {file = "MarkupSafe-3.0.2-cp312-cp312-win_amd64.whl", hash = "sha256:8e06879fc22a25ca47312fbe7c8264eb0b662f6db27cb2d3bbbc74b1df4b9b87"},
    {file = "MarkupSafe-3.0.2-cp313-cp313-macosx_10_13_universal2.whl", hash = "sha256:ba9527cdd4c926ed0760bc301f6728ef34d841f405abf9d4f959c478421e4efd"},
    {file = "MarkupSafe-3.0.2-cp313-cp313-macosx_11_0_arm64.whl", hash = "sha256:f8b3d067f2e40fe93e1ccdd6b2e1d16c43140e76f02fb1319a05cf2b79d99430"},
    {file = "MarkupSafe-3.0.2-cp313-cp313-manylinux_2_17_aarch64.manylinux2014_aarch64.whl", hash = "sha256:569511d3b58c8791ab4c2e1285575265991e6d8f8700c7be0e88f86cb0672094"},
    {file = "MarkupSafe-3.0.2-cp313-cp313-manylinux_2_17_x86_64.manylinux2014_x86_64.whl", hash = "sha256:15ab75ef81add55874e7ab7055e9c397312385bd9ced94920f2802310c930396"},
    {file = "MarkupSafe-3.0.2-cp313-cp313-manylinux_2_5_i686.manylinux1_i686.manylinux_2_17_i686.manylinux2014_i686.whl", hash = "sha256:f3818cb119498c0678015754eba762e0d61e5b52d34c8b13d770f0719f7b1d79"},
    {file = "MarkupSafe-3.0.2-cp313-cp313-musllinux_1_2_aarch64.whl", hash = "sha256:cdb82a876c47801bb54a690c5ae105a46b392ac6099881cdfb9f6e95e4014c6a"},
    {file = "MarkupSafe-3.0.2-cp313-cp313-musllinux_1_2_i686.whl", hash = "sha256:cabc348d87e913db6ab4aa100f01b08f481097838bdddf7c7a84b7575b7309ca"},
    {file = "MarkupSafe-3.0.2-cp313-cp313-musllinux_1_2_x86_64.whl", hash = "sha256:444dcda765c8a838eaae23112db52f1efaf750daddb2d9ca300bcae1039adc5c"},
    {file = "MarkupSafe-3.0.2-cp313-cp313-win32.whl", hash = "sha256:bcf3e58998965654fdaff38e58584d8937aa3096ab5354d493c77d1fdd66d7a1"},
    {file = "MarkupSafe-3.0.2-cp313-cp313-win_amd64.whl", hash = "sha256:e6a2a455bd412959b57a172ce6328d2dd1f01cb2135efda2e4576e8a23fa3b0f"},
    {file = "MarkupSafe-3.0.2-cp313-cp313t-macosx_10_13_universal2.whl", hash = "sha256:b5a6b3ada725cea8a5e634536b1b01c30bcdcd7f9c6fff4151548d5bf6b3a36c"},
    {file = "MarkupSafe-3.0.2-cp313-cp313t-macosx_11_0_arm64.whl", hash = "sha256:a904af0a6162c73e3edcb969eeeb53a63ceeb5d8cf642fade7d39e7963a22ddb"},
    {file = "MarkupSafe-3.0.2-cp313-cp313t-manylinux_2_17_aarch64.manylinux2014_aarch64.whl", hash = "sha256:4aa4e5faecf353ed117801a068ebab7b7e09ffb6e1d5e412dc852e0da018126c"},
    {file = "MarkupSafe-3.0.2-cp313-cp313t-manylinux_2_17_x86_64.manylinux2014_x86_64.whl", hash = "sha256:c0ef13eaeee5b615fb07c9a7dadb38eac06a0608b41570d8ade51c56539e509d"},
    {file = "MarkupSafe-3.0.2-cp313-cp313t-manylinux_2_5_i686.manylinux1_i686.manylinux_2_17_i686.manylinux2014_i686.whl", hash = "sha256:d16a81a06776313e817c951135cf7340a3e91e8c1ff2fac444cfd75fffa04afe"},
    {file = "MarkupSafe-3.0.2-cp313-cp313t-musllinux_1_2_aarch64.whl", hash = "sha256:6381026f158fdb7c72a168278597a5e3a5222e83ea18f543112b2662a9b699c5"},
    {file = "MarkupSafe-3.0.2-cp313-cp313t-musllinux_1_2_i686.whl", hash = "sha256:3d79d162e7be8f996986c064d1c7c817f6df3a77fe3d6859f6f9e7be4b8c213a"},
    {file = "MarkupSafe-3.0.2-cp313-cp313t-musllinux_1_2_x86_64.whl", hash = "sha256:131a3c7689c85f5ad20f9f6fb1b866f402c445b220c19fe4308c0b147ccd2ad9"},
    {file = "MarkupSafe-3.0.2-cp313-cp313t-win32.whl", hash = "sha256:ba8062ed2cf21c07a9e295d5b8a2a5ce678b913b45fdf68c32d95d6c1291e0b6"},
    {file = "MarkupSafe-3.0.2-cp313-cp313t-win_amd64.whl", hash = "sha256:e444a31f8db13eb18ada366ab3cf45fd4b31e4db1236a4448f68778c1d1a5a2f"},
    {file = "MarkupSafe-3.0.2-cp39-cp39-macosx_10_9_universal2.whl", hash = "sha256:eaa0a10b7f72326f1372a713e73c3f739b524b3af41feb43e4921cb529f5929a"},
    {file = "MarkupSafe-3.0.2-cp39-cp39-macosx_11_0_arm64.whl", hash = "sha256:48032821bbdf20f5799ff537c7ac3d1fba0ba032cfc06194faffa8cda8b560ff"},
    {file = "MarkupSafe-3.0.2-cp39-cp39-manylinux_2_17_aarch64.manylinux2014_aarch64.whl", hash = "sha256:1a9d3f5f0901fdec14d8d2f66ef7d035f2157240a433441719ac9a3fba440b13"},
    {file = "MarkupSafe-3.0.2-cp39-cp39-manylinux_2_17_x86_64.manylinux2014_x86_64.whl", hash = "sha256:88b49a3b9ff31e19998750c38e030fc7bb937398b1f78cfa599aaef92d693144"},
    {file = "MarkupSafe-3.0.2-cp39-cp39-manylinux_2_5_i686.manylinux1_i686.manylinux_2_17_i686.manylinux2014_i686.whl", hash = "sha256:cfad01eed2c2e0c01fd0ecd2ef42c492f7f93902e39a42fc9ee1692961443a29"},
    {file = "MarkupSafe-3.0.2-cp39-cp39-musllinux_1_2_aarch64.whl", hash = "sha256:1225beacc926f536dc82e45f8a4d68502949dc67eea90eab715dea3a21c1b5f0"},
    {file = "MarkupSafe-3.0.2-cp39-cp39-musllinux_1_2_i686.whl", hash = "sha256:3169b1eefae027567d1ce6ee7cae382c57fe26e82775f460f0b2778beaad66c0"},
    {file = "MarkupSafe-3.0.2-cp39-cp39-musllinux_1_2_x86_64.whl", hash = "sha256:eb7972a85c54febfb25b5c4b4f3af4dcc731994c7da0d8a0b4a6eb0640e1d178"},
    {file = "MarkupSafe-3.0.2-cp39-cp39-win32.whl", hash = "sha256:8c4e8c3ce11e1f92f6536ff07154f9d49677ebaaafc32db9db4620bc11ed480f"},
    {file = "MarkupSafe-3.0.2-cp39-cp39-win_amd64.whl", hash = "sha256:6e296a513ca3d94054c2c881cc913116e90fd030ad1c656b3869762b754f5f8a"},
    {file = "markupsafe-3.0.2.tar.gz", hash = "sha256:ee55d3edf80167e48ea11a923c7386f4669df67d7994554387f84e7d8b0a2bf0"},
]

[[package]]
name = "packaging"
version = "25.0"
description = "Core utilities for Python packages"
optional = false
python-versions = ">=3.8"
groups = ["test"]
files = [
    {file = "packaging-25.0-py3-none-any.whl", hash = "sha256:29572ef2b1f17581046b3a2227d5c611fb25ec70ca1ba8554b24b0e69331a484"},
    {file = "packaging-25.0.tar.gz", hash = "sha256:d443872c98d677bf60f6a1f2f8c1cb748e8fe762d2bf9d3148b5599295b0fc4f"},
]

[[package]]
name = "pdoc3"
version = "0.11.6"
description = "Auto-generate API documentation for Python projects."
optional = false
python-versions = ">=3.9"
groups = ["docs"]
files = [
    {file = "pdoc3-0.11.6-py3-none-any.whl", hash = "sha256:8b72723767bd48d899812d2aec8375fc1c3476e179455db0b4575e6dccb44b93"},
    {file = "pdoc3-0.11.6.tar.gz", hash = "sha256:1ea5e84b87a754d191fb64bf5e517ca6c50d0d84a614c1efecf6b46d290ae387"},
]

[package.dependencies]
mako = "*"
markdown = ">=3.0"

[[package]]
name = "pluggy"
version = "1.6.0"
description = "plugin and hook calling mechanisms for python"
optional = false
python-versions = ">=3.9"
groups = ["test"]
files = [
    {file = "pluggy-1.6.0-py3-none-any.whl", hash = "sha256:e920276dd6813095e9377c0bc5566d94c932c33b27a3e3945d8389c374dd4746"},
    {file = "pluggy-1.6.0.tar.gz", hash = "sha256:7dcc130b76258d33b90f61b658791dede3486c3e6bfb003ee5c9bfb396dd22f3"},
]

[package.extras]
dev = ["pre-commit", "tox"]
testing = ["coverage", "pytest", "pytest-benchmark"]

[[package]]
name = "pygments"
version = "2.19.1"
description = "Pygments is a syntax highlighting package written in Python."
optional = false
python-versions = ">=3.8"
groups = ["test"]
files = [
    {file = "pygments-2.19.1-py3-none-any.whl", hash = "sha256:9ea1544ad55cecf4b8242fab6dd35a93bbce657034b0611ee383099054ab6d8c"},
    {file = "pygments-2.19.1.tar.gz", hash = "sha256:61c16d2a8576dc0649d9f39e089b5f02bcd27fba10d8fb4dcc28173f7a45151f"},
]

[package.extras]
windows-terminal = ["colorama (>=0.4.6)"]

[[package]]
name = "pyjwt"
version = "2.9.0"
description = "JSON Web Token implementation in Python"
optional = false
python-versions = ">=3.8"
groups = ["main", "test"]
files = [
    {file = "PyJWT-2.9.0-py3-none-any.whl", hash = "sha256:3b02fb0f44517787776cf48f2ae25d8e14f300e6d7545a4315cee571a415e850"},
    {file = "pyjwt-2.9.0.tar.gz", hash = "sha256:7e1e5b56cc735432a7369cbfa0efe50fa113ebecdc04ae6922deba8b84582d0c"},
]

[package.extras]
crypto = ["cryptography (>=3.4.0)"]
dev = ["coverage[toml] (==5.0.4)", "cryptography (>=3.4.0)", "pre-commit", "pytest (>=6.0.0,<7.0.0)", "sphinx", "sphinx-rtd-theme", "zope.interface"]
docs = ["sphinx", "sphinx-rtd-theme", "zope.interface"]
tests = ["coverage[toml] (==5.0.4)", "pytest (>=6.0.0,<7.0.0)"]

[[package]]
name = "pytest"
version = "8.4.0"
description = "pytest: simple powerful testing with Python"
optional = false
python-versions = ">=3.9"
groups = ["test"]
files = [
    {file = "pytest-8.4.0-py3-none-any.whl", hash = "sha256:f40f825768ad76c0977cbacdf1fd37c6f7a468e460ea6a0636078f8972d4517e"},
    {file = "pytest-8.4.0.tar.gz", hash = "sha256:14d920b48472ea0dbf68e45b96cd1ffda4705f33307dcc86c676c1b5104838a6"},
]

[package.dependencies]
colorama = {version = ">=0.4", markers = "sys_platform == \"win32\""}
iniconfig = ">=1"
packaging = ">=20"
pluggy = ">=1.5,<2"
pygments = ">=2.7.2"

[package.extras]
dev = ["argcomplete", "attrs (>=19.2)", "hypothesis (>=3.56)", "mock", "requests", "setuptools", "xmlschema"]

[[package]]
name = "pytest-cov"
version = "5.0.0"
description = "Pytest plugin for measuring coverage."
optional = false
python-versions = ">=3.8"
groups = ["test"]
files = [
    {file = "pytest-cov-5.0.0.tar.gz", hash = "sha256:5837b58e9f6ebd335b0f8060eecce69b662415b16dc503883a02f45dfeb14857"},
    {file = "pytest_cov-5.0.0-py3-none-any.whl", hash = "sha256:4f0764a1219df53214206bf1feea4633c3b558a2925c8b59f144f682861ce652"},
]

[package.dependencies]
coverage = {version = ">=5.2.1", extras = ["toml"]}
pytest = ">=4.6"

[package.extras]
testing = ["fields", "hunter", "process-tests", "pytest-xdist", "virtualenv"]

[[package]]
name = "redis"
version = "5.3.0"
description = "Python client for Redis database and key-value store"
optional = false
python-versions = ">=3.8"
groups = ["main", "test"]
files = [
    {file = "redis-5.3.0-py3-none-any.whl", hash = "sha256:f1deeca1ea2ef25c1e4e46b07f4ea1275140526b1feea4c6459c0ec27a10ef83"},
    {file = "redis-5.3.0.tar.gz", hash = "sha256:8d69d2dde11a12dc85d0dbf5c45577a5af048e2456f7077d87ad35c1c81c310e"},
]

[package.dependencies]
async-timeout = {version = ">=4.0.3", markers = "python_full_version < \"3.11.3\""}
PyJWT = ">=2.9.0,<2.10.0"

[package.extras]
hiredis = ["hiredis (>=3.0.0)"]
ocsp = ["cryptography (>=36.0.1)", "pyopenssl (==23.2.1)", "requests (>=2.31.0)"]

[[package]]
name = "sortedcontainers"
version = "2.4.0"
description = "Sorted Containers -- Sorted List, Sorted Dict, Sorted Set"
optional = false
python-versions = "*"
groups = ["test"]
files = [
    {file = "sortedcontainers-2.4.0-py2.py3-none-any.whl", hash = "sha256:a163dcaede0f1c021485e957a39245190e74249897e2ae4b2aa38595db237ee0"},
    {file = "sortedcontainers-2.4.0.tar.gz", hash = "sha256:25caa5a06cc30b6b83d11423433f65d1f9d76c4c6a0c90e3379eaa43b9bfdb88"},
]

[metadata]
lock-version = "2.1"
python-versions = "^3.11"
content-hash = "f49c6793c94f46e03936ae679b6db95ab08c07ed779dc1cd7876551e2091e759"
